
Microsoft Visual Studio Solution File, Format Version 12.00
# Visual Studio Version 17
VisualStudioVersion = 17.11.35327.3
MinimumVisualStudioVersion = 10.0.40219.1
Project("{FAE04EC0-301F-11D3-BF4B-00C04F79EFBC}") = "DamienWebApp", "DamienWebApp.csproj", "{FE9B5A69-61AA-4A9B-AB0F-2405FF0E484C}"
EndProject
Global
	GlobalSection(SolutionConfigurationPlatforms) = preSolution
		Debug|Any CPU = Debug|Any CPU
		Release|Any CPU = Release|Any CPU
	EndGlobalSection
	GlobalSection(ProjectConfigurationPlatforms) = postSolution
		{FE9B5A69-61AA-4A9B-AB0F-2405FF0E484C}.Debug|Any CPU.ActiveCfg = Debug|Any CPU
		{FE9B5A69-61AA-4A9B-AB0F-2405FF0E484C}.Debug|Any CPU.Build.0 = Debug|Any CPU
		{FE9B5A69-61AA-4A9B-AB0F-2405FF0E484C}.Release|Any CPU.ActiveCfg = Release|Any CPU
		{FE9B5A69-61AA-4A9B-AB0F-2405FF0E484C}.Release|Any CPU.Build.0 = Release|Any CPU
	EndGlobalSection
	GlobalSection(SolutionProperties) = preSolution
		HideSolutionNode = FALSE
	EndGlobalSection
	GlobalSection(ExtensibilityGlobals) = postSolution
		SolutionGuid = {8BA5C1E1-BD06-4EDA-9030-573D9C505481}
	EndGlobalSection
EndGlobal
